
Microsoft Visual Studio Solution File, Format Version 12.00
# Visual Studio 15
VisualStudioVersion = 15.0.27004.2009
MinimumVisualStudioVersion = 10.0.40219.1
Project("{FAE04EC0-301F-11D3-BF4B-00C04F79EFBC}") = "Project", "Project\Project.csproj", "{F1514402-43BD-4A3F-8F44-CA177B55112D}"
EndProject
Project("{840C416C-B8F3-42BC-B0DD-F6BB14C9F8CB}") = "GameRobotGoLoop", "GameRobotGoLoop\GameRobotGoLoop.aiproj", "{7604C785-4DDE-4740-B231-1C091B5FCD3C}"
EndProject
Global
	GlobalSection(SolutionConfigurationPlatforms) = preSolution
		All|Any CPU = All|Any CPU
		Debug|Any CPU = Debug|Any CPU
		Release|Any CPU = Release|Any CPU
	EndGlobalSection
	GlobalSection(ProjectConfigurationPlatforms) = postSolution
		{F1514402-43BD-4A3F-8F44-CA177B55112D}.All|Any CPU.ActiveCfg = Release|Any CPU
		{F1514402-43BD-4A3F-8F44-CA177B55112D}.All|Any CPU.Build.0 = Release|Any CPU
		{F1514402-43BD-4A3F-8F44-CA177B55112D}.Debug|Any CPU.ActiveCfg = Debug|Any CPU
		{F1514402-43BD-4A3F-8F44-CA177B55112D}.Debug|Any CPU.Build.0 = Debug|Any CPU
		{F1514402-43BD-4A3F-8F44-CA177B55112D}.Release|Any CPU.ActiveCfg = Release|Any CPU
		{F1514402-43BD-4A3F-8F44-CA177B55112D}.Release|Any CPU.Build.0 = Release|Any CPU
		{7604C785-4DDE-4740-B231-1C091B5FCD3C}.All|Any CPU.ActiveCfg = DefaultBuild
		{7604C785-4DDE-4740-B231-1C091B5FCD3C}.All|Any CPU.Build.0 = DefaultBuild
		{7604C785-4DDE-4740-B231-1C091B5FCD3C}.Debug|Any CPU.ActiveCfg = DefaultBuild
		{7604C785-4DDE-4740-B231-1C091B5FCD3C}.Debug|Any CPU.Build.0 = DefaultBuild
		{7604C785-4DDE-4740-B231-1C091B5FCD3C}.Release|Any CPU.ActiveCfg = DefaultBuild
		{7604C785-4DDE-4740-B231-1C091B5FCD3C}.Release|Any CPU.Build.0 = DefaultBuild
	EndGlobalSection
	GlobalSection(SolutionProperties) = preSolution
		HideSolutionNode = FALSE
	EndGlobalSection
	GlobalSection(ExtensibilityGlobals) = postSolution
		SolutionGuid = {0950BCE5-9082-4602-9196-5272F2452489}
	EndGlobalSection
EndGlobal
